
Microsoft Visual Studio Solution File, Format Version 12.00
# Visual Studio Version 17
VisualStudioVersion = 17.0.31903.59
MinimumVisualStudioVersion = 10.0.40219.1
Project("{FAE04EC0-301F-11D3-BF4B-00C04F79EFBC}") = "icarus.projetos", "icarus.projetos\icarus.projetos.csproj", "{83D800FA-E4F4-4D08-BC5B-186A6534B120}"
EndProject
Project("{FAE04EC0-301F-11D3-BF4B-00C04F79EFBC}") = "icarus.application", "icarus.application\icarus.application.csproj", "{2408E439-E88B-4A39-BFB6-F2AA55FAC2A2}"
EndProject
Project("{FAE04EC0-301F-11D3-BF4B-00C04F79EFBC}") = "icarus.clientes", "icarus.clientes\icarus.clientes.csproj", "{5907162C-0F88-4E74-B823-60BAF82B954A}"
EndProject
Global
	GlobalSection(SolutionConfigurationPlatforms) = preSolution
		Debug|Any CPU = Debug|Any CPU
		Release|Any CPU = Release|Any CPU
	EndGlobalSection
	GlobalSection(SolutionProperties) = preSolution
		HideSolutionNode = FALSE
	EndGlobalSection
	GlobalSection(ProjectConfigurationPlatforms) = postSolution
		{83D800FA-E4F4-4D08-BC5B-186A6534B120}.Debug|Any CPU.ActiveCfg = Debug|Any CPU
		{83D800FA-E4F4-4D08-BC5B-186A6534B120}.Debug|Any CPU.Build.0 = Debug|Any CPU
		{83D800FA-E4F4-4D08-BC5B-186A6534B120}.Release|Any CPU.ActiveCfg = Release|Any CPU
		{83D800FA-E4F4-4D08-BC5B-186A6534B120}.Release|Any CPU.Build.0 = Release|Any CPU
		{2408E439-E88B-4A39-BFB6-F2AA55FAC2A2}.Debug|Any CPU.ActiveCfg = Debug|Any CPU
		{2408E439-E88B-4A39-BFB6-F2AA55FAC2A2}.Debug|Any CPU.Build.0 = Debug|Any CPU
		{2408E439-E88B-4A39-BFB6-F2AA55FAC2A2}.Release|Any CPU.ActiveCfg = Release|Any CPU
		{2408E439-E88B-4A39-BFB6-F2AA55FAC2A2}.Release|Any CPU.Build.0 = Release|Any CPU
		{5907162C-0F88-4E74-B823-60BAF82B954A}.Debug|Any CPU.ActiveCfg = Debug|Any CPU
		{5907162C-0F88-4E74-B823-60BAF82B954A}.Debug|Any CPU.Build.0 = Debug|Any CPU
		{5907162C-0F88-4E74-B823-60BAF82B954A}.Release|Any CPU.ActiveCfg = Release|Any CPU
		{5907162C-0F88-4E74-B823-60BAF82B954A}.Release|Any CPU.Build.0 = Release|Any CPU
	EndGlobalSection
EndGlobal
